
Microsoft Visual Studio Solution File, Format Version 12.00
# Visual Studio 15
VisualStudioVersion = 15.0.28010.2050
MinimumVisualStudioVersion = 10.0.40219.1
Project("{FAE04EC0-301F-11D3-BF4B-00C04F79EFBC}") = "mnb", "mnb\mnb.csproj", "{700844D1-4B35-468C-94A4-D8718D1EBD82}"
EndProject
Global
	GlobalSection(SolutionConfigurationPlatforms) = preSolution
		Debug|Any CPU = Debug|Any CPU
		Release|Any CPU = Release|Any CPU
	EndGlobalSection
	GlobalSection(ProjectConfigurationPlatforms) = postSolution
		{700844D1-4B35-468C-94A4-D8718D1EBD82}.Debug|Any CPU.ActiveCfg = Debug|Any CPU
		{700844D1-4B35-468C-94A4-D8718D1EBD82}.Debug|Any CPU.Build.0 = Debug|Any CPU
		{700844D1-4B35-468C-94A4-D8718D1EBD82}.Release|Any CPU.ActiveCfg = Release|Any CPU
		{700844D1-4B35-468C-94A4-D8718D1EBD82}.Release|Any CPU.Build.0 = Release|Any CPU
	EndGlobalSection
	GlobalSection(SolutionProperties) = preSolution
		HideSolutionNode = FALSE
	EndGlobalSection
	GlobalSection(ExtensibilityGlobals) = postSolution
		SolutionGuid = {EF836FCC-EF73-4845-807A-C2C9B2914826}
	EndGlobalSection
EndGlobal
