
Microsoft Visual Studio Solution File, Format Version 12.00
# Visual Studio 15
VisualStudioVersion = 15.0.28010.2050
MinimumVisualStudioVersion = 10.0.40219.1
Project("{FAE04EC0-301F-11D3-BF4B-00C04F79EFBC}") = "week10", "week10\week10.csproj", "{D63B0C9B-92A6-4786-9F72-E242F9FDC705}"
EndProject
Global
	GlobalSection(SolutionConfigurationPlatforms) = preSolution
		Debug|Any CPU = Debug|Any CPU
		Release|Any CPU = Release|Any CPU
	EndGlobalSection
	GlobalSection(ProjectConfigurationPlatforms) = postSolution
		{D63B0C9B-92A6-4786-9F72-E242F9FDC705}.Debug|Any CPU.ActiveCfg = Debug|Any CPU
		{D63B0C9B-92A6-4786-9F72-E242F9FDC705}.Debug|Any CPU.Build.0 = Debug|Any CPU
		{D63B0C9B-92A6-4786-9F72-E242F9FDC705}.Release|Any CPU.ActiveCfg = Release|Any CPU
		{D63B0C9B-92A6-4786-9F72-E242F9FDC705}.Release|Any CPU.Build.0 = Release|Any CPU
	EndGlobalSection
	GlobalSection(SolutionProperties) = preSolution
		HideSolutionNode = FALSE
	EndGlobalSection
	GlobalSection(ExtensibilityGlobals) = postSolution
		SolutionGuid = {38408251-3E99-4C5F-8D12-6A185C703E9D}
	EndGlobalSection
EndGlobal
